{
    "_readme": [
        "This file locks the dependencies of your project to a known state",
        "Read more about it at http://getcomposer.org/doc/01-basic-usage.md#composer-lock-the-lock-file",
        "This file is @generated automatically"
    ],
    "hash": "9fcb62ef599df4fdc5dec06264f66aee",
    "packages": [
        {
            "name": "simplon/error",
            "version": "0.2.0",
            "source": {
                "type": "git",
                "url": "https://github.com/fightbulc/simplon_error.git",
                "reference": "de6bcc4a62fe0908beea3696562937c28bef5eac"
            },
            "dist": {
                "type": "zip",
                "url": "https://api.github.com/repos/fightbulc/simplon_error/zipball/de6bcc4a62fe0908beea3696562937c28bef5eac",
                "reference": "de6bcc4a62fe0908beea3696562937c28bef5eac",
                "shasum": ""
            },
            "require": {
                "php": ">=5.3"
            },
            "type": "library",
            "autoload": {
                "psr-4": {
                    "Simplon\\Error\\": "src/"
                }
            },
            "notification-url": "https://packagist.org/downloads/",
            "license": [
                "MIT"
            ],
            "authors": [
                {
                    "name": "Tino Ehrich",
                    "email": "tino@bigpun.me",
                    "role": "developer"
                }
            ],
            "description": "Graceful error handling",
            "homepage": "https://github.com/fightbulc/simplon_error",
            "keywords": [
                "error",
                "graceful",
                "handling",
                "response"
            ],
            "time": "2015-01-17 16:55:40"
        },
        {
            "name": "simplon/helper",
            "version": "0.7.2",
            "source": {
                "type": "git",
                "url": "https://github.com/fightbulc/simplon_helper.git",
                "reference": "b42c31ae75d62caa8fed43a5874c98ccb3827292"
            },
            "dist": {
                "type": "zip",
                "url": "https://api.github.com/repos/fightbulc/simplon_helper/zipball/b42c31ae75d62caa8fed43a5874c98ccb3827292",
                "reference": "b42c31ae75d62caa8fed43a5874c98ccb3827292",
                "shasum": ""
            },
            "require": {
                "php": ">=5.3"
            },
            "type": "library",
            "autoload": {
                "psr-4": {
                    "Simplon\\Helper\\": "src/"
                }
            },
            "notification-url": "https://packagist.org/downloads/",
            "license": [
                "MIT"
            ],
            "authors": [
                {
                    "name": "Tino Ehrich",
                    "email": "tino@bigpun.me",
                    "role": "developer"
                }
            ],
            "description": "Helpers for recurring tasks.",
            "homepage": "https://github.com/fightbulc/simplon_helper",
            "keywords": [
                "helper",
                "strings",
                "value objects"
            ],
            "time": "2014-11-15 13:45:33"
        }
    ],
    "packages-dev": [],
    "aliases": [],
    "minimum-stability": "stable",
    "stability-flags": [],
    "prefer-stable": false,
    "prefer-lowest": false,
    "platform": {
        "php": ">=5.4"
    },
    "platform-dev": []
}
